schema: '2.0'
stages:
  preprocess1:
    cmd: python preprocess1.py
    deps:
    - path: preprocess1.py
      hash: md5
      md5: 4edc43de007efddbe8ed0f662928f73c
      size: 1246
    outs:
    - path: data/test1.csv
      hash: md5
      md5: 080c3db6235e46c28f93cf36368f9896
      size: 2089
    - path: data/train1.csv
      hash: md5
      md5: 9d4831a53d8c5d6d10edac32f1fdc9ba
      size: 8059
  train1:
    cmd: python train1.py
    deps:
    - path: data/train1.csv
      hash: md5
      md5: 9d4831a53d8c5d6d10edac32f1fdc9ba
      size: 8059
    - path: train1.py
      hash: md5
      md5: 99cf0699f94718a12c4d62b44518a910
      size: 599
    outs:
    - path: models/model1.pkl
      hash: md5
      md5: 01e2588879fb45462171730582f586fa
      size: 13223
  validate1:
    cmd: python validate1.py
    deps:
    - path: data/test1.csv
      hash: md5
      md5: 080c3db6235e46c28f93cf36368f9896
      size: 2089
    - path: models/model1.pkl
      hash: md5
      md5: 01e2588879fb45462171730582f586fa
      size: 13223
    - path: validate1.py
      hash: md5
      md5: e2b1dc4d7528d078f351545282d70e7d
      size: 1184
    outs:
    - path: confusion_matrix1.png
      hash: md5
      md5: d3f2ab651129af7d5b1f4eb8230864cf
      size: 15837
    - path: metrics1.json
      hash: md5
      md5: a1f31652cb8d0dcaa50581b9328c8228
      size: 32
